Microsoft Visual Studio Solution File, Format Version 13.00
# Visual Studio 2013
Project("{2150E333-8FDC-42A3-9474-1A3956D46DE8}") = "(samples)", ".", "{F3BC0D42-B0CF-B5A5-CB24-2A332226E744}"
EndProject
Project("{2150E333-8FDC-42A3-9474-1A3956D46DE8}") = "(third_party)", "..\third_party", "{89C816A7-DD31-D54C-C69C-5A80E0C49B77}"
EndProject
Project("{8BC9CEB8-8B4A-11D0-8D11-00A0C91BC942}") = "bigint", "..\third_party\bigint.vcxproj", "{D50EAA2C-9984-5D7F-5E58-7DE93C2F154F}"
EndProject
Project("{8BC9CEB8-8B4A-11D0-8D11-00A0C91BC942}") = "fdrm", "..\fdrm.vcxproj", "{02AB8746-585B-1DFF-3641-8716A1C98EBA}"
EndProject
Project("{8BC9CEB8-8B4A-11D0-8D11-00A0C91BC942}") = "formfiller", "..\formfiller.vcxproj", "{E76E3E01-3C25-220E-C33B-8C4CC571BCE3}"
EndProject
Project("{8BC9CEB8-8B4A-11D0-8D11-00A0C91BC942}") = "fpdfapi", "..\fpdfapi.vcxproj", "{257191D5-C9DF-8CE6-239B-73150CC27441}"
EndProject
Project("{8BC9CEB8-8B4A-11D0-8D11-00A0C91BC942}") = "fpdfdoc", "..\fpdfdoc.vcxproj", "{C51D21EC-C751-AAB8-9EC4-609A56F5343C}"
EndProject
Project("{8BC9CEB8-8B4A-11D0-8D11-00A0C91BC942}") = "fpdftext", "..\fpdftext.vcxproj", "{90D241B9-53B4-4D76-D237-533AC4C0B4C3}"
EndProject
Project("{8BC9CEB8-8B4A-11D0-8D11-00A0C91BC942}") = "freetype", "..\third_party\freetype.vcxproj", "{73D4F339-656E-76F2-EDAA-70C7BA4901D2}"
EndProject
Project("{8BC9CEB8-8B4A-11D0-8D11-00A0C91BC942}") = "fxcodec", "..\fxcodec.vcxproj", "{46F1B450-4C0F-8CF0-37EA-3E6CD49B8629}"
EndProject
Project("{8BC9CEB8-8B4A-11D0-8D11-00A0C91BC942}") = "fxcrt", "..\fxcrt.vcxproj", "{1B669EA8-587E-24DD-8742-CA670CF4D6C7}"
EndProject
Project("{8BC9CEB8-8B4A-11D0-8D11-00A0C91BC942}") = "fxedit", "..\fxedit.vcxproj", "{B8B1BB1B-1920-C970-D67C-74C4C79D56CE}"
EndProject
Project("{8BC9CEB8-8B4A-11D0-8D11-00A0C91BC942}") = "fxge", "..\fxge.vcxproj", "{39FBB3FD-DD32-8BC8-777B-46501BCFE5ED}"
EndProject
Project("{8BC9CEB8-8B4A-11D0-8D11-00A0C91BC942}") = "pdfium", "..\pdfium.vcxproj", "{1B1D45A1-AEF2-616C-D3B8-5781377C4E08}"
	ProjectSection(ProjectDependencies) = postProject
		{D50EAA2C-9984-5D7F-5E58-7DE93C2F154F} = {D50EAA2C-9984-5D7F-5E58-7DE93C2F154F}
		{9DFB228F-CAFC-4B6A-5E29-DCBB8FE25D0C} = {9DFB228F-CAFC-4B6A-5E29-DCBB8FE25D0C}
		{02AB8746-585B-1DFF-3641-8716A1C98EBA} = {02AB8746-585B-1DFF-3641-8716A1C98EBA}
		{C51D21EC-C751-AAB8-9EC4-609A56F5343C} = {C51D21EC-C751-AAB8-9EC4-609A56F5343C}
		{257191D5-C9DF-8CE6-239B-73150CC27441} = {257191D5-C9DF-8CE6-239B-73150CC27441}
		{90D241B9-53B4-4D76-D237-533AC4C0B4C3} = {90D241B9-53B4-4D76-D237-533AC4C0B4C3}
		{E76E3E01-3C25-220E-C33B-8C4CC571BCE3} = {E76E3E01-3C25-220E-C33B-8C4CC571BCE3}
		{46F1B450-4C0F-8CF0-37EA-3E6CD49B8629} = {46F1B450-4C0F-8CF0-37EA-3E6CD49B8629}
		{1B669EA8-587E-24DD-8742-CA670CF4D6C7} = {1B669EA8-587E-24DD-8742-CA670CF4D6C7}
		{B8B1BB1B-1920-C970-D67C-74C4C79D56CE} = {B8B1BB1B-1920-C970-D67C-74C4C79D56CE}
		{39FBB3FD-DD32-8BC8-777B-46501BCFE5ED} = {39FBB3FD-DD32-8BC8-777B-46501BCFE5ED}
		{C53E97C2-853C-244F-749D-3D671C32343A} = {C53E97C2-853C-244F-749D-3D671C32343A}
		{73D4F339-656E-76F2-EDAA-70C7BA4901D2} = {73D4F339-656E-76F2-EDAA-70C7BA4901D2}
	EndProjectSection
EndProject
Project("{8BC9CEB8-8B4A-11D0-8D11-00A0C91BC942}") = "pdfium_test", "pdfium_test.vcxproj", "{37E7BAEB-ED2F-6748-9644-042E2D62EBE1}"
	ProjectSection(ProjectDependencies) = postProject
		{1B1D45A1-AEF2-616C-D3B8-5781377C4E08} = {1B1D45A1-AEF2-616C-D3B8-5781377C4E08}
	EndProjectSection
EndProject
Project("{8BC9CEB8-8B4A-11D0-8D11-00A0C91BC942}") = "pdfwindow", "..\pdfwindow.vcxproj", "{C53E97C2-853C-244F-749D-3D671C32343A}"
EndProject
Project("{8BC9CEB8-8B4A-11D0-8D11-00A0C91BC942}") = "safemath", "..\third_party\safemath.vcxproj", "{9DFB228F-CAFC-4B6A-5E29-DCBB8FE25D0C}"
EndProject
Global
	GlobalSection(SolutionConfigurationPlatforms) = preSolution
		Release|x64 = Release|x64
		Debug|Win32 = Debug|Win32
		Debug|x64 = Debug|x64
		Release|Win32 = Release|Win32
	EndGlobalSection
	GlobalSection(ProjectConfigurationPlatforms) = postSolution
		{02AB8746-585B-1DFF-3641-8716A1C98EBA}.Release|x64.ActiveCfg = Release|x64
		{02AB8746-585B-1DFF-3641-8716A1C98EBA}.Release|x64.Build.0 = Release|x64
		{02AB8746-585B-1DFF-3641-8716A1C98EBA}.Debug|Win32.ActiveCfg = Debug|Win32
		{02AB8746-585B-1DFF-3641-8716A1C98EBA}.Debug|Win32.Build.0 = Debug|Win32
		{02AB8746-585B-1DFF-3641-8716A1C98EBA}.Debug|x64.ActiveCfg = Debug|x64
		{02AB8746-585B-1DFF-3641-8716A1C98EBA}.Debug|x64.Build.0 = Debug|x64
		{02AB8746-585B-1DFF-3641-8716A1C98EBA}.Release|Win32.ActiveCfg = Release|Win32
		{02AB8746-585B-1DFF-3641-8716A1C98EBA}.Release|Win32.Build.0 = Release|Win32
		{1B1D45A1-AEF2-616C-D3B8-5781377C4E08}.Release|x64.ActiveCfg = Release|x64
		{1B1D45A1-AEF2-616C-D3B8-5781377C4E08}.Release|x64.Build.0 = Release|x64
		{1B1D45A1-AEF2-616C-D3B8-5781377C4E08}.Debug|Win32.ActiveCfg = Debug|Win32
		{1B1D45A1-AEF2-616C-D3B8-5781377C4E08}.Debug|Win32.Build.0 = Debug|Win32
		{1B1D45A1-AEF2-616C-D3B8-5781377C4E08}.Debug|x64.ActiveCfg = Debug|x64
		{1B1D45A1-AEF2-616C-D3B8-5781377C4E08}.Debug|x64.Build.0 = Debug|x64
		{1B1D45A1-AEF2-616C-D3B8-5781377C4E08}.Release|Win32.ActiveCfg = Release|Win32
		{1B1D45A1-AEF2-616C-D3B8-5781377C4E08}.Release|Win32.Build.0 = Release|Win32
		{1B669EA8-587E-24DD-8742-CA670CF4D6C7}.Release|x64.ActiveCfg = Release|x64
		{1B669EA8-587E-24DD-8742-CA670CF4D6C7}.Release|x64.Build.0 = Release|x64
		{1B669EA8-587E-24DD-8742-CA670CF4D6C7}.Debug|Win32.ActiveCfg = Debug|Win32
		{1B669EA8-587E-24DD-8742-CA670CF4D6C7}.Debug|Win32.Build.0 = Debug|Win32
		{1B669EA8-587E-24DD-8742-CA670CF4D6C7}.Debug|x64.ActiveCfg = Debug|x64
		{1B669EA8-587E-24DD-8742-CA670CF4D6C7}.Debug|x64.Build.0 = Debug|x64
		{1B669EA8-587E-24DD-8742-CA670CF4D6C7}.Release|Win32.ActiveCfg = Release|Win32
		{1B669EA8-587E-24DD-8742-CA670CF4D6C7}.Release|Win32.Build.0 = Release|Win32
		{257191D5-C9DF-8CE6-239B-73150CC27441}.Release|x64.ActiveCfg = Release|x64
		{257191D5-C9DF-8CE6-239B-73150CC27441}.Release|x64.Build.0 = Release|x64
		{257191D5-C9DF-8CE6-239B-73150CC27441}.Debug|Win32.ActiveCfg = Debug|Win32
		{257191D5-C9DF-8CE6-239B-73150CC27441}.Debug|Win32.Build.0 = Debug|Win32
		{257191D5-C9DF-8CE6-239B-73150CC27441}.Debug|x64.ActiveCfg = Debug|x64
		{257191D5-C9DF-8CE6-239B-73150CC27441}.Debug|x64.Build.0 = Debug|x64
		{257191D5-C9DF-8CE6-239B-73150CC27441}.Release|Win32.ActiveCfg = Release|Win32
		{257191D5-C9DF-8CE6-239B-73150CC27441}.Release|Win32.Build.0 = Release|Win32
		{37E7BAEB-ED2F-6748-9644-042E2D62EBE1}.Release|x64.ActiveCfg = Release|x64
		{37E7BAEB-ED2F-6748-9644-042E2D62EBE1}.Release|x64.Build.0 = Release|x64
		{37E7BAEB-ED2F-6748-9644-042E2D62EBE1}.Debug|Win32.ActiveCfg = Debug|Win32
		{37E7BAEB-ED2F-6748-9644-042E2D62EBE1}.Debug|Win32.Build.0 = Debug|Win32
		{37E7BAEB-ED2F-6748-9644-042E2D62EBE1}.Debug|x64.ActiveCfg = Debug|x64
		{37E7BAEB-ED2F-6748-9644-042E2D62EBE1}.Debug|x64.Build.0 = Debug|x64
		{37E7BAEB-ED2F-6748-9644-042E2D62EBE1}.Release|Win32.ActiveCfg = Release|Win32
		{37E7BAEB-ED2F-6748-9644-042E2D62EBE1}.Release|Win32.Build.0 = Release|Win32
		{39FBB3FD-DD32-8BC8-777B-46501BCFE5ED}.Release|x64.ActiveCfg = Release|x64
		{39FBB3FD-DD32-8BC8-777B-46501BCFE5ED}.Release|x64.Build.0 = Release|x64
		{39FBB3FD-DD32-8BC8-777B-46501BCFE5ED}.Debug|Win32.ActiveCfg = Debug|Win32
		{39FBB3FD-DD32-8BC8-777B-46501BCFE5ED}.Debug|Win32.Build.0 = Debug|Win32
		{39FBB3FD-DD32-8BC8-777B-46501BCFE5ED}.Debug|x64.ActiveCfg = Debug|x64
		{39FBB3FD-DD32-8BC8-777B-46501BCFE5ED}.Debug|x64.Build.0 = Debug|x64
		{39FBB3FD-DD32-8BC8-777B-46501BCFE5ED}.Release|Win32.ActiveCfg = Release|Win32
		{39FBB3FD-DD32-8BC8-777B-46501BCFE5ED}.Release|Win32.Build.0 = Release|Win32
		{46F1B450-4C0F-8CF0-37EA-3E6CD49B8629}.Release|x64.ActiveCfg = Release|x64
		{46F1B450-4C0F-8CF0-37EA-3E6CD49B8629}.Release|x64.Build.0 = Release|x64
		{46F1B450-4C0F-8CF0-37EA-3E6CD49B8629}.Debug|Win32.ActiveCfg = Debug|Win32
		{46F1B450-4C0F-8CF0-37EA-3E6CD49B8629}.Debug|Win32.Build.0 = Debug|Win32
		{46F1B450-4C0F-8CF0-37EA-3E6CD49B8629}.Debug|x64.ActiveCfg = Debug|x64
		{46F1B450-4C0F-8CF0-37EA-3E6CD49B8629}.Debug|x64.Build.0 = Debug|x64
		{46F1B450-4C0F-8CF0-37EA-3E6CD49B8629}.Release|Win32.ActiveCfg = Release|Win32
		{46F1B450-4C0F-8CF0-37EA-3E6CD49B8629}.Release|Win32.Build.0 = Release|Win32
		{73D4F339-656E-76F2-EDAA-70C7BA4901D2}.Release|x64.ActiveCfg = Release|x64
		{73D4F339-656E-76F2-EDAA-70C7BA4901D2}.Release|x64.Build.0 = Release|x64
		{73D4F339-656E-76F2-EDAA-70C7BA4901D2}.Debug|Win32.ActiveCfg = Debug|Win32
		{73D4F339-656E-76F2-EDAA-70C7BA4901D2}.Debug|Win32.Build.0 = Debug|Win32
		{73D4F339-656E-76F2-EDAA-70C7BA4901D2}.Debug|x64.ActiveCfg = Debug|x64
		{73D4F339-656E-76F2-EDAA-70C7BA4901D2}.Debug|x64.Build.0 = Debug|x64
		{73D4F339-656E-76F2-EDAA-70C7BA4901D2}.Release|Win32.ActiveCfg = Release|Win32
		{73D4F339-656E-76F2-EDAA-70C7BA4901D2}.Release|Win32.Build.0 = Release|Win32
		{90D241B9-53B4-4D76-D237-533AC4C0B4C3}.Release|x64.ActiveCfg = Release|x64
		{90D241B9-53B4-4D76-D237-533AC4C0B4C3}.Release|x64.Build.0 = Release|x64
		{90D241B9-53B4-4D76-D237-533AC4C0B4C3}.Debug|Win32.ActiveCfg = Debug|Win32
		{90D241B9-53B4-4D76-D237-533AC4C0B4C3}.Debug|Win32.Build.0 = Debug|Win32
		{90D241B9-53B4-4D76-D237-533AC4C0B4C3}.Debug|x64.ActiveCfg = Debug|x64
		{90D241B9-53B4-4D76-D237-533AC4C0B4C3}.Debug|x64.Build.0 = Debug|x64
		{90D241B9-53B4-4D76-D237-533AC4C0B4C3}.Release|Win32.ActiveCfg = Release|Win32
		{90D241B9-53B4-4D76-D237-533AC4C0B4C3}.Release|Win32.Build.0 = Release|Win32
		{9DFB228F-CAFC-4B6A-5E29-DCBB8FE25D0C}.Release|x64.ActiveCfg = Release|x64
		{9DFB228F-CAFC-4B6A-5E29-DCBB8FE25D0C}.Release|x64.Build.0 = Release|x64
		{9DFB228F-CAFC-4B6A-5E29-DCBB8FE25D0C}.Debug|Win32.ActiveCfg = Debug|Win32
		{9DFB228F-CAFC-4B6A-5E29-DCBB8FE25D0C}.Debug|Win32.Build.0 = Debug|Win32
		{9DFB228F-CAFC-4B6A-5E29-DCBB8FE25D0C}.Debug|x64.ActiveCfg = Debug|x64
		{9DFB228F-CAFC-4B6A-5E29-DCBB8FE25D0C}.Debug|x64.Build.0 = Debug|x64
		{9DFB228F-CAFC-4B6A-5E29-DCBB8FE25D0C}.Release|Win32.ActiveCfg = Release|Win32
		{9DFB228F-CAFC-4B6A-5E29-DCBB8FE25D0C}.Release|Win32.Build.0 = Release|Win32
		{B8B1BB1B-1920-C970-D67C-74C4C79D56CE}.Release|x64.ActiveCfg = Release|x64
		{B8B1BB1B-1920-C970-D67C-74C4C79D56CE}.Release|x64.Build.0 = Release|x64
		{B8B1BB1B-1920-C970-D67C-74C4C79D56CE}.Debug|Win32.ActiveCfg = Debug|Win32
		{B8B1BB1B-1920-C970-D67C-74C4C79D56CE}.Debug|Win32.Build.0 = Debug|Win32
		{B8B1BB1B-1920-C970-D67C-74C4C79D56CE}.Debug|x64.ActiveCfg = Debug|x64
		{B8B1BB1B-1920-C970-D67C-74C4C79D56CE}.Debug|x64.Build.0 = Debug|x64
		{B8B1BB1B-1920-C970-D67C-74C4C79D56CE}.Release|Win32.ActiveCfg = Release|Win32
		{B8B1BB1B-1920-C970-D67C-74C4C79D56CE}.Release|Win32.Build.0 = Release|Win32
		{C51D21EC-C751-AAB8-9EC4-609A56F5343C}.Release|x64.ActiveCfg = Release|x64
		{C51D21EC-C751-AAB8-9EC4-609A56F5343C}.Release|x64.Build.0 = Release|x64
		{C51D21EC-C751-AAB8-9EC4-609A56F5343C}.Debug|Win32.ActiveCfg = Debug|Win32
		{C51D21EC-C751-AAB8-9EC4-609A56F5343C}.Debug|Win32.Build.0 = Debug|Win32
		{C51D21EC-C751-AAB8-9EC4-609A56F5343C}.Debug|x64.ActiveCfg = Debug|x64
		{C51D21EC-C751-AAB8-9EC4-609A56F5343C}.Debug|x64.Build.0 = Debug|x64
		{C51D21EC-C751-AAB8-9EC4-609A56F5343C}.Release|Win32.ActiveCfg = Release|Win32
		{C51D21EC-C751-AAB8-9EC4-609A56F5343C}.Release|Win32.Build.0 = Release|Win32
		{C53E97C2-853C-244F-749D-3D671C32343A}.Release|x64.ActiveCfg = Release|x64
		{C53E97C2-853C-244F-749D-3D671C32343A}.Release|x64.Build.0 = Release|x64
		{C53E97C2-853C-244F-749D-3D671C32343A}.Debug|Win32.ActiveCfg = Debug|Win32
		{C53E97C2-853C-244F-749D-3D671C32343A}.Debug|Win32.Build.0 = Debug|Win32
		{C53E97C2-853C-244F-749D-3D671C32343A}.Debug|x64.ActiveCfg = Debug|x64
		{C53E97C2-853C-244F-749D-3D671C32343A}.Debug|x64.Build.0 = Debug|x64
		{C53E97C2-853C-244F-749D-3D671C32343A}.Release|Win32.ActiveCfg = Release|Win32
		{C53E97C2-853C-244F-749D-3D671C32343A}.Release|Win32.Build.0 = Release|Win32
		{D50EAA2C-9984-5D7F-5E58-7DE93C2F154F}.Release|x64.ActiveCfg = Release|x64
		{D50EAA2C-9984-5D7F-5E58-7DE93C2F154F}.Release|x64.Build.0 = Release|x64
		{D50EAA2C-9984-5D7F-5E58-7DE93C2F154F}.Debug|Win32.ActiveCfg = Debug|Win32
		{D50EAA2C-9984-5D7F-5E58-7DE93C2F154F}.Debug|Win32.Build.0 = Debug|Win32
		{D50EAA2C-9984-5D7F-5E58-7DE93C2F154F}.Debug|x64.ActiveCfg = Debug|x64
		{D50EAA2C-9984-5D7F-5E58-7DE93C2F154F}.Debug|x64.Build.0 = Debug|x64
		{D50EAA2C-9984-5D7F-5E58-7DE93C2F154F}.Release|Win32.ActiveCfg = Release|Win32
		{D50EAA2C-9984-5D7F-5E58-7DE93C2F154F}.Release|Win32.Build.0 = Release|Win32
		{E76E3E01-3C25-220E-C33B-8C4CC571BCE3}.Release|x64.ActiveCfg = Release|x64
		{E76E3E01-3C25-220E-C33B-8C4CC571BCE3}.Release|x64.Build.0 = Release|x64
		{E76E3E01-3C25-220E-C33B-8C4CC571BCE3}.Debug|Win32.ActiveCfg = Debug|Win32
		{E76E3E01-3C25-220E-C33B-8C4CC571BCE3}.Debug|Win32.Build.0 = Debug|Win32
		{E76E3E01-3C25-220E-C33B-8C4CC571BCE3}.Debug|x64.ActiveCfg = Debug|x64
		{E76E3E01-3C25-220E-C33B-8C4CC571BCE3}.Debug|x64.Build.0 = Debug|x64
		{E76E3E01-3C25-220E-C33B-8C4CC571BCE3}.Release|Win32.ActiveCfg = Release|Win32
		{E76E3E01-3C25-220E-C33B-8C4CC571BCE3}.Release|Win32.Build.0 = Release|Win32
	EndGlobalSection
	GlobalSection(SolutionProperties) = preSolution
		HideSolutionNode = FALSE
	EndGlobalSection
	GlobalSection(NestedProjects) = preSolution
		{37E7BAEB-ED2F-6748-9644-042E2D62EBE1} = {F3BC0D42-B0CF-B5A5-CB24-2A332226E744}
		{D50EAA2C-9984-5D7F-5E58-7DE93C2F154F} = {89C816A7-DD31-D54C-C69C-5A80E0C49B77}
		{73D4F339-656E-76F2-EDAA-70C7BA4901D2} = {89C816A7-DD31-D54C-C69C-5A80E0C49B77}
		{9DFB228F-CAFC-4B6A-5E29-DCBB8FE25D0C} = {89C816A7-DD31-D54C-C69C-5A80E0C49B77}
	EndGlobalSection
EndGlobal
